
Microsoft Visual Studio Solution File, Format Version 12.00
# Visual Studio Version 16
VisualStudioVersion = 16.0.30621.155
MinimumVisualStudioVersion = 10.0.40219.1
Project("{9A19103F-16F7-4668-BE54-9A1E7A4F7556}") = "Water.Theme.AdminLTE", "Water.Theme.AdminLTE.csproj", "{5FF6F2EE-7242-4A1C-99E5-093DE0098D2C}"
EndProject
Global
	GlobalSection(SolutionConfigurationPlatforms) = preSolution
		Debug|Any CPU = Debug|Any CPU
		Release|Any CPU = Release|Any CPU
	EndGlobalSection
	GlobalSection(ProjectConfigurationPlatforms) = postSolution
		{5FF6F2EE-7242-4A1C-99E5-093DE0098D2C}.Debug|Any CPU.ActiveCfg = Debug|Any CPU
		{5FF6F2EE-7242-4A1C-99E5-093DE0098D2C}.Debug|Any CPU.Build.0 = Debug|Any CPU
		{5FF6F2EE-7242-4A1C-99E5-093DE0098D2C}.Release|Any CPU.ActiveCfg = Release|Any CPU
		{5FF6F2EE-7242-4A1C-99E5-093DE0098D2C}.Release|Any CPU.Build.0 = Release|Any CPU
	EndGlobalSection
	GlobalSection(SolutionProperties) = preSolution
		HideSolutionNode = FALSE
	EndGlobalSection
	GlobalSection(ExtensibilityGlobals) = postSolution
		SolutionGuid = {B4EED474-6277-4DA7-AE20-F8E804F61157}
	EndGlobalSection
EndGlobal
